Microsoft Visual Studio Solution File, Format Version 12.00
# Visual Studio Version 18
VisualStudioVersion = 18.0.0.0
MinimumVisualStudioVersion = 10.0.40219.1
Project("{BC8A1FFA-BEE3-4634-8014-F334798102B3}") = "FatFishCli", "FatFishCli\FatFishCli.vcxproj", "{F26DE0E1-2F87-4B77-9E8A-A6443F9252B0}"
EndProject
Project("{BC8A1FFA-BEE3-4634-8014-F334798102B3}") = "Agents", "Agents\Agents.vcxproj", "{099019C1-F655-47F8-A6AA-28EC51F6803C}"
EndProject
Project("{BC8A1FFA-BEE3-4634-8014-F334798102B3}") = "FatFishFairy", "FatFishFairy\FatFishFairy.vcxproj", "{D9A0D229-B3BC-47D8-AC97-F8BB5C4E4B93}"
EndProject
Project("{BC8A1FFA-BEE3-4634-8014-F334798102B3}") = "UnitTest", "UnitTest\UnitTest.vcxproj", "{73C7C69E-272F-44F4-A270-086E5A974943}"
EndProject
Global
	GlobalSection(SolutionConfigurationPlatforms) = preSolution
		Debug|Win32 = Debug|Win32
		Release|Win32 = Release|Win32
		Debug|x64 = Debug|x64
		Release|x64 = Release|x64
	EndGlobalSection
	GlobalSection(ProjectConfigurationPlatforms) = postSolution
		{73C7C69E-272F-44F4-A270-086E5A974943}.Debug|Win32.ActiveCfg = Debug|Win32
		{73C7C69E-272F-44F4-A270-086E5A974943}.Debug|Win32.Build.0 = Debug|Win32
		{73C7C69E-272F-44F4-A270-086E5A974943}.Release|Win32.ActiveCfg = Release|Win32
		{73C7C69E-272F-44F4-A270-086E5A974943}.Release|Win32.Build.0 = Release|Win32
		{73C7C69E-272F-44F4-A270-086E5A974943}.Debug|x64.ActiveCfg = Debug|x64
		{73C7C69E-272F-44F4-A270-086E5A974943}.Debug|x64.Build.0 = Debug|x64
		{73C7C69E-272F-44F4-A270-086E5A974943}.Release|x64.ActiveCfg = Release|x64
		{73C7C69E-272F-44F4-A270-086E5A974943}.Release|x64.Build.0 = Release|x64
		{099019C1-F655-47F8-A6AA-28EC51F6803C}.Debug|Win32.ActiveCfg = Debug|Win32
		{099019C1-F655-47F8-A6AA-28EC51F6803C}.Debug|Win32.Build.0 = Debug|Win32
		{099019C1-F655-47F8-A6AA-28EC51F6803C}.Release|Win32.ActiveCfg = Release|Win32
		{099019C1-F655-47F8-A6AA-28EC51F6803C}.Release|Win32.Build.0 = Release|Win32
		{099019C1-F655-47F8-A6AA-28EC51F6803C}.Debug|x64.ActiveCfg = Debug|x64
		{099019C1-F655-47F8-A6AA-28EC51F6803C}.Debug|x64.Build.0 = Debug|x64
		{099019C1-F655-47F8-A6AA-28EC51F6803C}.Release|x64.ActiveCfg = Release|x64
		{099019C1-F655-47F8-A6AA-28EC51F6803C}.Release|x64.Build.0 = Release|x64
		{F26DE0E1-2F87-4B77-9E8A-A6443F9252B0}.Debug|Win32.ActiveCfg = Debug|Win32
		{F26DE0E1-2F87-4B77-9E8A-A6443F9252B0}.Debug|Win32.Build.0 = Debug|Win32
		{F26DE0E1-2F87-4B77-9E8A-A6443F9252B0}.Release|Win32.ActiveCfg = Release|Win32
		{F26DE0E1-2F87-4B77-9E8A-A6443F9252B0}.Release|Win32.Build.0 = Release|Win32
		{F26DE0E1-2F87-4B77-9E8A-A6443F9252B0}.Debug|x64.ActiveCfg = Debug|x64
		{F26DE0E1-2F87-4B77-9E8A-A6443F9252B0}.Debug|x64.Build.0 = Debug|x64
		{F26DE0E1-2F87-4B77-9E8A-A6443F9252B0}.Release|x64.ActiveCfg = Release|x64
		{F26DE0E1-2F87-4B77-9E8A-A6443F9252B0}.Release|x64.Build.0 = Release|x64
		{D9A0D229-B3BC-47D8-AC97-F8BB5C4E4B93}.Debug|Win32.ActiveCfg = Debug|Win32
		{D9A0D229-B3BC-47D8-AC97-F8BB5C4E4B93}.Debug|Win32.Build.0 = Debug|Win32
		{D9A0D229-B3BC-47D8-AC97-F8BB5C4E4B93}.Release|Win32.ActiveCfg = Release|Win32
		{D9A0D229-B3BC-47D8-AC97-F8BB5C4E4B93}.Release|Win32.Build.0 = Release|Win32
		{D9A0D229-B3BC-47D8-AC97-F8BB5C4E4B93}.Debug|x64.ActiveCfg = Debug|x64
		{D9A0D229-B3BC-47D8-AC97-F8BB5C4E4B93}.Debug|x64.Build.0 = Debug|x64
		{D9A0D229-B3BC-47D8-AC97-F8BB5C4E4B93}.Release|x64.ActiveCfg = Release|x64
		{D9A0D229-B3BC-47D8-AC97-F8BB5C4E4B93}.Release|x64.Build.0 = Release|x64
	EndGlobalSection
	GlobalSection(SolutionProperties) = preSolution
		HideSolutionNode = FALSE
	EndGlobalSection
EndGlobal
