<?xml version="1.0" encoding="utf-8"?>
<Project ToolsVersion="Current" xmlns="http://schemas.microsoft.com/developer/msbuild/2003">
  <ItemGroup>
    <Filter Include="Source Files"><Extensions>cpp;c;cc;cxx;h;hpp;hxx;inl</Extensions></Filter>
    <Filter Include="Header Files"><Extensions>h;hpp;hxx;inl</Extensions></Filter>
    <Filter Include="Resource Files"><Extensions>rc;ico;bmp;png</Extensions></Filter>
    <Filter Include="PlatformSmoke" />
  </ItemGroup>
  <ItemGroup>
    <ClCompile Include="Main.cpp"><Filter>Source Files</Filter></ClCompile>
    <ClCompile Include="CompletionStreamTests.cpp"><Filter>Source Files</Filter></ClCompile>
    <ClCompile Include="DesktopTests.cpp"><Filter>Source Files</Filter></ClCompile>
    <ClCompile Include="MemoryTests.cpp"><Filter>Source Files</Filter></ClCompile>
    <ClCompile Include="OutputTests.cpp"><Filter>Source Files</Filter></ClCompile>
    <ClCompile Include="PlatformTests.cpp"><Filter>Source Files</Filter></ClCompile>
    <ClCompile Include="RuntimeTests.cpp"><Filter>Source Files</Filter></ClCompile>
    <None Include="Invoke.ps1"><Filter>PlatformSmoke</Filter></None>
    <None Include="Invoke-Fairy.ps1"><Filter>PlatformSmoke</Filter></None>
    <None Include="Invoke-FairyRest.ps1"><Filter>PlatformSmoke</Filter></None>
    <None Include="Server.ps1"><Filter>PlatformSmoke</Filter></None>
  </ItemGroup>
</Project>
